
Microsoft Visual Studio Solution File, Format Version 12.00
# Visual Studio Version 16
VisualStudioVersion = 16.0.31727.386
MinimumVisualStudioVersion = 10.0.40219.1
Project("{9A19103F-16F7-4668-BE54-9A1E7A4F7556}") = "IL41ML_HFT_2021221.Client", "IL41ML_HFT_2021221.Client\IL41ML_HFT_2021221.Client.csproj", "{8A1F37E4-79DF-4F26-B4E3-6889C22E36FE}"
	ProjectSection(ProjectDependencies) = postProject
		{BB2C2F0D-1525-4D8E-A86C-CF95C8BDC552} = {BB2C2F0D-1525-4D8E-A86C-CF95C8BDC552}
	EndProjectSection
EndProject
Project("{9A19103F-16F7-4668-BE54-9A1E7A4F7556}") = "IL41ML_HFT_2021221.Test", "IL41ML_HFT_2021221.Test\IL41ML_HFT_2021221.Test.csproj", "{E50B9C35-949E-49D2-881A-B04BC2CC2769}"
	ProjectSection(ProjectDependencies) = postProject
		{BB2C2F0D-1525-4D8E-A86C-CF95C8BDC552} = {BB2C2F0D-1525-4D8E-A86C-CF95C8BDC552}
		{B23FC759-630B-4A2D-A25A-9658F81DA7CE} = {B23FC759-630B-4A2D-A25A-9658F81DA7CE}
		{306D79C1-932F-414D-8288-5E0F0711EF63} = {306D79C1-932F-414D-8288-5E0F0711EF63}
	EndProjectSection
EndProject
Project("{9A19103F-16F7-4668-BE54-9A1E7A4F7556}") = "IL41ML_HFT_2021221.Repository", "IL41ML_HFT_2021221.Repository\IL41ML_HFT_2021221.Repository.csproj", "{306D79C1-932F-414D-8288-5E0F0711EF63}"
	ProjectSection(ProjectDependencies) = postProject
		{BB2C2F0D-1525-4D8E-A86C-CF95C8BDC552} = {BB2C2F0D-1525-4D8E-A86C-CF95C8BDC552}
		{A3EB807B-52F2-4F82-813C-28BEFCE014C5} = {A3EB807B-52F2-4F82-813C-28BEFCE014C5}
	EndProjectSection
EndProject
Project("{9A19103F-16F7-4668-BE54-9A1E7A4F7556}") = "IL41ML_HFT_2021221.Logic", "IL41ML_HFT_2021221.Logic\IL41ML_HFT_2021221.Logic.csproj", "{B23FC759-630B-4A2D-A25A-9658F81DA7CE}"
	ProjectSection(ProjectDependencies) = postProject
		{BB2C2F0D-1525-4D8E-A86C-CF95C8BDC552} = {BB2C2F0D-1525-4D8E-A86C-CF95C8BDC552}
		{306D79C1-932F-414D-8288-5E0F0711EF63} = {306D79C1-932F-414D-8288-5E0F0711EF63}
	EndProjectSection
EndProject
Project("{9A19103F-16F7-4668-BE54-9A1E7A4F7556}") = "IL41ML_HFT_2021221.Data", "IL41ML_HFT_2021221.Data\IL41ML_HFT_2021221.Data.csproj", "{A3EB807B-52F2-4F82-813C-28BEFCE014C5}"
	ProjectSection(ProjectDependencies) = postProject
		{BB2C2F0D-1525-4D8E-A86C-CF95C8BDC552} = {BB2C2F0D-1525-4D8E-A86C-CF95C8BDC552}
	EndProjectSection
EndProject
Project("{9A19103F-16F7-4668-BE54-9A1E7A4F7556}") = "IL41ML_HFT_2021221.Models", "IL41ML_HFT_2021221.Models\IL41ML_HFT_2021221.Models.csproj", "{BB2C2F0D-1525-4D8E-A86C-CF95C8BDC552}"
EndProject
Project("{2150E333-8FDC-42A3-9474-1A3956D46DE8}") = "Backend", "Backend", "{D7EF6F04-5ADF-414C-B9C4-59612A687C65}"
EndProject
Project("{2150E333-8FDC-42A3-9474-1A3956D46DE8}") = "Frontend", "Frontend", "{34842F66-4480-4051-9490-C099668E79A0}"
EndProject
Project("{2150E333-8FDC-42A3-9474-1A3956D46DE8}") = "Shared", "Shared", "{30804E85-6376-47F7-9289-697911162562}"
EndProject
Project("{9A19103F-16F7-4668-BE54-9A1E7A4F7556}") = "IL41ML_HFT_2021221.Endpoint", "IL41ML_HFT_2021221.Endpoint\IL41ML_HFT_2021221.Endpoint.csproj", "{DF3B449A-6B78-4FF4-91B2-A5022F17F2CE}"
	ProjectSection(ProjectDependencies) = postProject
		{B23FC759-630B-4A2D-A25A-9658F81DA7CE} = {B23FC759-630B-4A2D-A25A-9658F81DA7CE}
		{A3EB807B-52F2-4F82-813C-28BEFCE014C5} = {A3EB807B-52F2-4F82-813C-28BEFCE014C5}
		{306D79C1-932F-414D-8288-5E0F0711EF63} = {306D79C1-932F-414D-8288-5E0F0711EF63}
	EndProjectSection
EndProject
Project("{9A19103F-16F7-4668-BE54-9A1E7A4F7556}") = "IL41ML_HFT_2021221.WpfApp", "IL41ML_HFT_2021221.WpfApp\IL41ML_HFT_2021221.WpfApp.csproj", "{AA16C064-2CEC-4E06-8660-999DEE6F4F7B}"
	ProjectSection(ProjectDependencies) = postProject
		{BB2C2F0D-1525-4D8E-A86C-CF95C8BDC552} = {BB2C2F0D-1525-4D8E-A86C-CF95C8BDC552}
	EndProjectSection
EndProject
Project("{9A19103F-16F7-4668-BE54-9A1E7A4F7556}") = "IL41ML_HFT_2021221.WpfApp_v2", "IL41ML_HFT_2021221.WpfApp_v2\IL41ML_HFT_2021221.WpfApp_v2.csproj", "{8A3BBDDA-680C-4979-9CA0-3C090064990F}"
EndProject
Project("{FAE04EC0-301F-11D3-BF4B-00C04F79EFBC}") = "IL41ML_HFT_2021221.JS_Client", "IL41ML_HFT_2021221.JS_Client\IL41ML_HFT_2021221.JS_Client.csproj", "{2B1EF854-9AD5-450C-9AAC-3367F42D2E22}"
EndProject
Global
	GlobalSection(SolutionConfigurationPlatforms) = preSolution
		Debug|Any CPU = Debug|Any CPU
		Release|Any CPU = Release|Any CPU
	EndGlobalSection
	GlobalSection(ProjectConfigurationPlatforms) = postSolution
		{8A1F37E4-79DF-4F26-B4E3-6889C22E36FE}.Debug|Any CPU.ActiveCfg = Debug|Any CPU
		{8A1F37E4-79DF-4F26-B4E3-6889C22E36FE}.Debug|Any CPU.Build.0 = Debug|Any CPU
		{8A1F37E4-79DF-4F26-B4E3-6889C22E36FE}.Release|Any CPU.ActiveCfg = Release|Any CPU
		{8A1F37E4-79DF-4F26-B4E3-6889C22E36FE}.Release|Any CPU.Build.0 = Release|Any CPU
		{E50B9C35-949E-49D2-881A-B04BC2CC2769}.Debug|Any CPU.ActiveCfg = Debug|Any CPU
		{E50B9C35-949E-49D2-881A-B04BC2CC2769}.Debug|Any CPU.Build.0 = Debug|Any CPU
		{E50B9C35-949E-49D2-881A-B04BC2CC2769}.Release|Any CPU.ActiveCfg = Release|Any CPU
		{E50B9C35-949E-49D2-881A-B04BC2CC2769}.Release|Any CPU.Build.0 = Release|Any CPU
		{306D79C1-932F-414D-8288-5E0F0711EF63}.Debug|Any CPU.ActiveCfg = Debug|Any CPU
		{306D79C1-932F-414D-8288-5E0F0711EF63}.Debug|Any CPU.Build.0 = Debug|Any CPU
		{306D79C1-932F-414D-8288-5E0F0711EF63}.Release|Any CPU.ActiveCfg = Release|Any CPU
		{306D79C1-932F-414D-8288-5E0F0711EF63}.Release|Any CPU.Build.0 = Release|Any CPU
		{B23FC759-630B-4A2D-A25A-9658F81DA7CE}.Debug|Any CPU.ActiveCfg = Debug|Any CPU
		{B23FC759-630B-4A2D-A25A-9658F81DA7CE}.Debug|Any CPU.Build.0 = Debug|Any CPU
		{B23FC759-630B-4A2D-A25A-9658F81DA7CE}.Release|Any CPU.ActiveCfg = Release|Any CPU
		{B23FC759-630B-4A2D-A25A-9658F81DA7CE}.Release|Any CPU.Build.0 = Release|Any CPU
		{A3EB807B-52F2-4F82-813C-28BEFCE014C5}.Debug|Any CPU.ActiveCfg = Debug|Any CPU
		{A3EB807B-52F2-4F82-813C-28BEFCE014C5}.Debug|Any CPU.Build.0 = Debug|Any CPU
		{A3EB807B-52F2-4F82-813C-28BEFCE014C5}.Release|Any CPU.ActiveCfg = Release|Any CPU
		{A3EB807B-52F2-4F82-813C-28BEFCE014C5}.Release|Any CPU.Build.0 = Release|Any CPU
		{BB2C2F0D-1525-4D8E-A86C-CF95C8BDC552}.Debug|Any CPU.ActiveCfg = Debug|Any CPU
		{BB2C2F0D-1525-4D8E-A86C-CF95C8BDC552}.Debug|Any CPU.Build.0 = Debug|Any CPU
		{BB2C2F0D-1525-4D8E-A86C-CF95C8BDC552}.Release|Any CPU.ActiveCfg = Release|Any CPU
		{BB2C2F0D-1525-4D8E-A86C-CF95C8BDC552}.Release|Any CPU.Build.0 = Release|Any CPU
		{DF3B449A-6B78-4FF4-91B2-A5022F17F2CE}.Debug|Any CPU.ActiveCfg = Debug|Any CPU
		{DF3B449A-6B78-4FF4-91B2-A5022F17F2CE}.Debug|Any CPU.Build.0 = Debug|Any CPU
		{DF3B449A-6B78-4FF4-91B2-A5022F17F2CE}.Release|Any CPU.ActiveCfg = Release|Any CPU
		{DF3B449A-6B78-4FF4-91B2-A5022F17F2CE}.Release|Any CPU.Build.0 = Release|Any CPU
		{AA16C064-2CEC-4E06-8660-999DEE6F4F7B}.Debug|Any CPU.ActiveCfg = Debug|Any CPU
		{AA16C064-2CEC-4E06-8660-999DEE6F4F7B}.Debug|Any CPU.Build.0 = Debug|Any CPU
		{AA16C064-2CEC-4E06-8660-999DEE6F4F7B}.Release|Any CPU.ActiveCfg = Release|Any CPU
		{AA16C064-2CEC-4E06-8660-999DEE6F4F7B}.Release|Any CPU.Build.0 = Release|Any CPU
		{8A3BBDDA-680C-4979-9CA0-3C090064990F}.Debug|Any CPU.ActiveCfg = Debug|Any CPU
		{8A3BBDDA-680C-4979-9CA0-3C090064990F}.Debug|Any CPU.Build.0 = Debug|Any CPU
		{8A3BBDDA-680C-4979-9CA0-3C090064990F}.Release|Any CPU.ActiveCfg = Release|Any CPU
		{8A3BBDDA-680C-4979-9CA0-3C090064990F}.Release|Any CPU.Build.0 = Release|Any CPU
		{2B1EF854-9AD5-450C-9AAC-3367F42D2E22}.Debug|Any CPU.ActiveCfg = Debug|Any CPU
		{2B1EF854-9AD5-450C-9AAC-3367F42D2E22}.Debug|Any CPU.Build.0 = Debug|Any CPU
		{2B1EF854-9AD5-450C-9AAC-3367F42D2E22}.Release|Any CPU.ActiveCfg = Release|Any CPU
		{2B1EF854-9AD5-450C-9AAC-3367F42D2E22}.Release|Any CPU.Build.0 = Release|Any CPU
	EndGlobalSection
	GlobalSection(SolutionProperties) = preSolution
		HideSolutionNode = FALSE
	EndGlobalSection
	GlobalSection(NestedProjects) = preSolution
		{8A1F37E4-79DF-4F26-B4E3-6889C22E36FE} = {34842F66-4480-4051-9490-C099668E79A0}
		{E50B9C35-949E-49D2-881A-B04BC2CC2769} = {D7EF6F04-5ADF-414C-B9C4-59612A687C65}
		{306D79C1-932F-414D-8288-5E0F0711EF63} = {D7EF6F04-5ADF-414C-B9C4-59612A687C65}
		{B23FC759-630B-4A2D-A25A-9658F81DA7CE} = {D7EF6F04-5ADF-414C-B9C4-59612A687C65}
		{A3EB807B-52F2-4F82-813C-28BEFCE014C5} = {D7EF6F04-5ADF-414C-B9C4-59612A687C65}
		{BB2C2F0D-1525-4D8E-A86C-CF95C8BDC552} = {30804E85-6376-47F7-9289-697911162562}
	EndGlobalSection
	GlobalSection(ExtensibilityGlobals) = postSolution
		SolutionGuid = {3B53EA84-5591-4526-8518-DC02E2B65C2D}
	EndGlobalSection
EndGlobal
